
Microsoft Visual Studio Solution File, Format Version 12.00
# Visual Studio Version 17
VisualStudioVersion = 17.0.32126.317
MinimumVisualStudioVersion = 10.0.40219.1
Project("{9A19103F-16F7-4668-BE54-9A1E7A4F7556}") = "Test1", "Test1\Test1.csproj", "{CAA2C8BC-C768-4052-905E-C03053C8676A}"
EndProject
Global
	GlobalSection(SolutionConfigurationPlatforms) = preSolution
		Debug|Any CPU = Debug|Any CPU
		Release|Any CPU = Release|Any CPU
	EndGlobalSection
	GlobalSection(ProjectConfigurationPlatforms) = postSolution
		{CAA2C8BC-C768-4052-905E-C03053C8676A}.Debug|Any CPU.ActiveCfg = Debug|Any CPU
		{CAA2C8BC-C768-4052-905E-C03053C8676A}.Debug|Any CPU.Build.0 = Debug|Any CPU
		{CAA2C8BC-C768-4052-905E-C03053C8676A}.Release|Any CPU.ActiveCfg = Release|Any CPU
		{CAA2C8BC-C768-4052-905E-C03053C8676A}.Release|Any CPU.Build.0 = Release|Any CPU
	EndGlobalSection
	GlobalSection(SolutionProperties) = preSolution
		HideSolutionNode = FALSE
	EndGlobalSection
	GlobalSection(ExtensibilityGlobals) = postSolution
		SolutionGuid = {6C716C2A-7871-40EA-9294-71DD80B8D7E6}
	EndGlobalSection
EndGlobal
